
Microsoft Visual Studio Solution File, Format Version 12.00
# Visual Studio 15
Project("{FAE04EC0-301F-11D3-BF4B-00C04F79EFBC}") = "Assembly-CSharp", "Assembly-CSharp.csproj", "{BE7DD1A8-7B3C-2039-5BF9-78117F7D4860}"
EndProject
Project("{FAE04EC0-301F-11D3-BF4B-00C04F79EFBC}") = "Assembly-CSharp-Editor", "Assembly-CSharp-Editor.csproj", "{7C192210-2B42-F5FB-F9F4-D56555AF5F59}"
EndProject
Global
	GlobalSection(SolutionConfigurationPlatforms) = preSolution
		Debug|Any CPU = Debug|Any CPU
		Release|Any CPU = Release|Any CPU
	EndGlobalSection
	GlobalSection(ProjectConfigurationPlatforms) = postSolution
		{BE7DD1A8-7B3C-2039-5BF9-78117F7D4860}.Debug|Any CPU.ActiveCfg = Debug|Any CPU
		{BE7DD1A8-7B3C-2039-5BF9-78117F7D4860}.Debug|Any CPU.Build.0 = Debug|Any CPU
		{BE7DD1A8-7B3C-2039-5BF9-78117F7D4860}.Release|Any CPU.ActiveCfg = Release|Any CPU
		{BE7DD1A8-7B3C-2039-5BF9-78117F7D4860}.Release|Any CPU.Build.0 = Release|Any CPU
		{7C192210-2B42-F5FB-F9F4-D56555AF5F59}.Debug|Any CPU.ActiveCfg = Debug|Any CPU
		{7C192210-2B42-F5FB-F9F4-D56555AF5F59}.Debug|Any CPU.Build.0 = Debug|Any CPU
		{7C192210-2B42-F5FB-F9F4-D56555AF5F59}.Release|Any CPU.ActiveCfg = Release|Any CPU
		{7C192210-2B42-F5FB-F9F4-D56555AF5F59}.Release|Any CPU.Build.0 = Release|Any CPU
	EndGlobalSection
	GlobalSection(SolutionProperties) = preSolution
		HideSolutionNode = FALSE
	EndGlobalSection
EndGlobal
